PODS:
  - boost (1.76.0)
  - DoubleConversion (1.1.6)
  - FBLazyVector (0.71.12)
  - FBReactNativeSpec (0.71.12):
    - RCT-Folly (= 2021.07.22.00)
    - RCTRequired (= 0.71.12)
    - RCTTypeSafety (= 0.71.12)
    - React-Core (= 0.71.12)
    - React-jsi (= 0.71.12)
    - ReactCommon/turbomodule/core (= 0.71.12)
  - fmt (6.2.1)
  - glog (0.3.5)
  - hermes-engine (0.71.12):
    - hermes-engine/Pre-built (= 0.71.12)
  - hermes-engine/Pre-built (0.71.12)
  - libevent (2.1.12)
  - lottie-ios (3.4.4)
  - lottie-react-native (5.1.6):
    - lottie-ios (~> 3.4.0)
    - React-Core
  - Mixpanel-swift (4.1.3):
    - Mixpanel-swift/Complete (= 4.1.3)
  - Mixpanel-swift/Complete (4.1.3)
  - MixpanelReactNative (2.3.1):
    - Mixpanel-swift (= 4.1.3)
    - React-Core
  - MMKV (1.2.15):
    - MMKVCore (~> 1.2.15)
  - MMKVCore (1.2.15)
  - RCT-Folly (2021.07.22.00):
    - boost
    - DoubleConversion
    - fmt (~> 6.2.1)
    - glog
    - RCT-Folly/Default (= 2021.07.22.00)
  - RCT-Folly/Default (2021.07.22.00):
    - boost
    - DoubleConversion
    - fmt (~> 6.2.1)
    - glog
  - RCT-Folly/Fabric (2021.07.22.00):
    - boost
    - DoubleConversion
    - fmt (~> 6.2.1)
    - glog
  - RCT-Folly/Futures (2021.07.22.00):
    - boost
    - DoubleConversion
    - fmt (~> 6.2.1)
    - glog
    - libevent
  - RCTRequired (0.71.12)
  - RCTTypeSafety (0.71.12):
    - FBLazyVector (= 0.71.12)
    - RCTRequired (= 0.71.12)
    - React-Core (= 0.71.12)
  - React (0.71.12):
    - React-Core (= 0.71.12)
    - React-Core/DevSupport (= 0.71.12)
    - React-Core/RCTWebSocket (= 0.71.12)
    - React-RCTActionSheet (= 0.71.12)
    - React-RCTAnimation (= 0.71.12)
    - React-RCTBlob (= 0.71.12)
    - React-RCTImage (= 0.71.12)
    - React-RCTLinking (= 0.71.12)
    - React-RCTNetwork (= 0.71.12)
    - React-RCTSettings (= 0.71.12)
    - React-RCTText (= 0.71.12)
    - React-RCTVibration (= 0.71.12)
  - React-callinvoker (0.71.12)
  - React-Codegen (0.71.12):
    - FBReactNativeSpec
    - hermes-engine
    - RCT-Folly
    - RCTRequired
    - RCTTypeSafety
    - React-Core
    - React-graphics
    - React-jsi
    - React-jsiexecutor
    - React-rncore
    - ReactCommon/turbomodule/bridging
    - ReactCommon/turbomodule/core
  - React-Core (0.71.12):
    - glog
    - hermes-engine
    - RCT-Folly (= 2021.07.22.00)
    - React-Core/Default (= 0.71.12)
    - React-cxxreact (= 0.71.12)
    - React-hermes
    - React-jsi (= 0.71.12)
    - React-jsiexecutor (= 0.71.12)
    - React-perflogger (= 0.71.12)
    - Yoga
  - React-Core/CoreModulesHeaders (0.71.12):
    - glog
    - hermes-engine
    - RCT-Folly (= 2021.07.22.00)
    - React-Core/Default
    - React-cxxreact (= 0.71.12)
    - React-hermes
    - React-jsi (= 0.71.12)
    - React-jsiexecutor (= 0.71.12)
    - React-perflogger (= 0.71.12)
    - Yoga
  - React-Core/Default (0.71.12):
    - glog
    - hermes-engine
    - RCT-Folly (= 2021.07.22.00)
    - React-cxxreact (= 0.71.12)
    - React-hermes
    - React-jsi (= 0.71.12)
    - React-jsiexecutor (= 0.71.12)
    - React-perflogger (= 0.71.12)
    - Yoga
  - React-Core/DevSupport (0.71.12):
    - glog
    - hermes-engine
    - RCT-Folly (= 2021.07.22.00)
    - React-Core/Default (= 0.71.12)
    - React-Core/RCTWebSocket (= 0.71.12)
    - React-cxxreact (= 0.71.12)
    - React-hermes
    - React-jsi (= 0.71.12)
    - React-jsiexecutor (= 0.71.12)
    - React-jsinspector (= 0.71.12)
    - React-perflogger (= 0.71.12)
    - Yoga
  - React-Core/RCTActionSheetHeaders (0.71.12):
    - glog
    - hermes-engine
    - RCT-Folly (= 2021.07.22.00)
    - React-Core/Default
    - React-cxxreact (= 0.71.12)
    - React-hermes
    - React-jsi (= 0.71.12)
    - React-jsiexecutor (= 0.71.12)
    - React-perflogger (= 0.71.12)
    - Yoga
  - React-Core/RCTAnimationHeaders (0.71.12):
    - glog
    - hermes-engine
    - RCT-Folly (= 2021.07.22.00)
    - React-Core/Default
    - React-cxxreact (= 0.71.12)
    - React-hermes
    - React-jsi (= 0.71.12)
    - React-jsiexecutor (= 0.71.12)
    - React-perflogger (= 0.71.12)
    - Yoga
  - React-Core/RCTBlobHeaders (0.71.12):
    - glog
    - hermes-engine
    - RCT-Folly (= 2021.07.22.00)
    - React-Core/Default
    - React-cxxreact (= 0.71.12)
    - React-hermes
    - React-jsi (= 0.71.12)
    - React-jsiexecutor (= 0.71.12)
    - React-perflogger (= 0.71.12)
    - Yoga
  - React-Core/RCTImageHeaders (0.71.12):
    - glog
    - hermes-engine
    - RCT-Folly (= 2021.07.22.00)
    - React-Core/Default
    - React-cxxreact (= 0.71.12)
    - React-hermes
    - React-jsi (= 0.71.12)
    - React-jsiexecutor (= 0.71.12)
    - React-perflogger (= 0.71.12)
    - Yoga
  - React-Core/RCTLinkingHeaders (0.71.12):
    - glog
    - hermes-engine
    - RCT-Folly (= 2021.07.22.00)
    - React-Core/Default
    - React-cxxreact (= 0.71.12)
    - React-hermes
    - React-jsi (= 0.71.12)
    - React-jsiexecutor (= 0.71.12)
    - React-perflogger (= 0.71.12)
    - Yoga
  - React-Core/RCTNetworkHeaders (0.71.12):
    - glog
    - hermes-engine
    - RCT-Folly (= 2021.07.22.00)
    - React-Core/Default
    - React-cxxreact (= 0.71.12)
    - React-hermes
    - React-jsi (= 0.71.12)
    - React-jsiexecutor (= 0.71.12)
    - React-perflogger (= 0.71.12)
    - Yoga
  - React-Core/RCTSettingsHeaders (0.71.12):
    - glog
    - hermes-engine
    - RCT-Folly (= 2021.07.22.00)
    - React-Core/Default
    - React-cxxreact (= 0.71.12)
    - React-hermes
    - React-jsi (= 0.71.12)
    - React-jsiexecutor (= 0.71.12)
    - React-perflogger (= 0.71.12)
    - Yoga
  - React-Core/RCTTextHeaders (0.71.12):
    - glog
    - hermes-engine
    - RCT-Folly (= 2021.07.22.00)
    - React-Core/Default
    - React-cxxreact (= 0.71.12)
    - React-hermes
    - React-jsi (= 0.71.12)
    - React-jsiexecutor (= 0.71.12)
    - React-perflogger (= 0.71.12)
    - Yoga
  - React-Core/RCTVibrationHeaders (0.71.12):
    - glog
    - hermes-engine
    - RCT-Folly (= 2021.07.22.00)
    - React-Core/Default
    - React-cxxreact (= 0.71.12)
    - React-hermes
    - React-jsi (= 0.71.12)
    - React-jsiexecutor (= 0.71.12)
    - React-perflogger (= 0.71.12)
    - Yoga
  - React-Core/RCTWebSocket (0.71.12):
    - glog
    - hermes-engine
    - RCT-Folly (= 2021.07.22.00)
    - React-Core/Default (= 0.71.12)
    - React-cxxreact (= 0.71.12)
    - React-hermes
    - React-jsi (= 0.71.12)
    - React-jsiexecutor (= 0.71.12)
    - React-perflogger (= 0.71.12)
    - Yoga
  - React-CoreModules (0.71.12):
    - RCT-Folly (= 2021.07.22.00)
    - RCTTypeSafety (= 0.71.12)
    - React-Codegen (= 0.71.12)
    - React-Core/CoreModulesHeaders (= 0.71.12)
    - React-jsi (= 0.71.12)
    - React-RCTBlob
    - React-RCTImage (= 0.71.12)
    - ReactCommon/turbomodule/core (= 0.71.12)
  - React-cxxreact (0.71.12):
    - boost (= 1.76.0)
    - DoubleConversion
    - glog
    - hermes-engine
    - RCT-Folly (= 2021.07.22.00)
    - React-callinvoker (= 0.71.12)
    - React-jsi (= 0.71.12)
    - React-jsinspector (= 0.71.12)
    - React-logger (= 0.71.12)
    - React-perflogger (= 0.71.12)
    - React-runtimeexecutor (= 0.71.12)
  - React-Fabric (0.71.12):
    - RCT-Folly/Fabric (= 2021.07.22.00)
    - RCTRequired (= 0.71.12)
    - RCTTypeSafety (= 0.71.12)
    - React-Fabric/animations (= 0.71.12)
    - React-Fabric/attributedstring (= 0.71.12)
    - React-Fabric/butter (= 0.71.12)
    - React-Fabric/componentregistry (= 0.71.12)
    - React-Fabric/componentregistrynative (= 0.71.12)
    - React-Fabric/components (= 0.71.12)
    - React-Fabric/config (= 0.71.12)
    - React-Fabric/core (= 0.71.12)
    - React-Fabric/debug_core (= 0.71.12)
    - React-Fabric/debug_renderer (= 0.71.12)
    - React-Fabric/imagemanager (= 0.71.12)
    - React-Fabric/leakchecker (= 0.71.12)
    - React-Fabric/mapbuffer (= 0.71.12)
    - React-Fabric/mounting (= 0.71.12)
    - React-Fabric/runtimescheduler (= 0.71.12)
    - React-Fabric/scheduler (= 0.71.12)
    - React-Fabric/telemetry (= 0.71.12)
    - React-Fabric/templateprocessor (= 0.71.12)
    - React-Fabric/textlayoutmanager (= 0.71.12)
    - React-Fabric/uimanager (= 0.71.12)
    - React-Fabric/utils (= 0.71.12)
    - React-graphics (= 0.71.12)
    - React-jsi (= 0.71.12)
    - React-jsiexecutor (= 0.71.12)
    - ReactCommon/turbomodule/core (= 0.71.12)
  - React-Fabric/animations (0.71.12):
    - RCT-Folly/Fabric (= 2021.07.22.00)
    - RCTRequired (= 0.71.12)
    - RCTTypeSafety (= 0.71.12)
    - React-graphics (= 0.71.12)
    - React-jsi (= 0.71.12)
    - React-jsiexecutor (= 0.71.12)
    - ReactCommon/turbomodule/core (= 0.71.12)
  - React-Fabric/attributedstring (0.71.12):
    - RCT-Folly/Fabric (= 2021.07.22.00)
    - RCTRequired (= 0.71.12)
    - RCTTypeSafety (= 0.71.12)
    - React-graphics (= 0.71.12)
    - React-jsi (= 0.71.12)
    - React-jsiexecutor (= 0.71.12)
    - ReactCommon/turbomodule/core (= 0.71.12)
  - React-Fabric/butter (0.71.12):
    - RCT-Folly/Fabric (= 2021.07.22.00)
    - RCTRequired (= 0.71.12)
    - RCTTypeSafety (= 0.71.12)
    - React-graphics (= 0.71.12)
    - React-jsi (= 0.71.12)
    - React-jsiexecutor (= 0.71.12)
    - ReactCommon/turbomodule/core (= 0.71.12)
  - React-Fabric/componentregistry (0.71.12):
    - RCT-Folly/Fabric (= 2021.07.22.00)
    - RCTRequired (= 0.71.12)
    - RCTTypeSafety (= 0.71.12)
    - React-graphics (= 0.71.12)
    - React-jsi (= 0.71.12)
    - React-jsiexecutor (= 0.71.12)
    - ReactCommon/turbomodule/core (= 0.71.12)
  - React-Fabric/componentregistrynative (0.71.12):
    - RCT-Folly/Fabric (= 2021.07.22.00)
    - RCTRequired (= 0.71.12)
    - RCTTypeSafety (= 0.71.12)
    - React-graphics (= 0.71.12)
    - React-jsi (= 0.71.12)
    - React-jsiexecutor (= 0.71.12)
    - ReactCommon/turbomodule/core (= 0.71.12)
  - React-Fabric/components (0.71.12):
    - RCT-Folly/Fabric (= 2021.07.22.00)
    - RCTRequired (= 0.71.12)
    - RCTTypeSafety (= 0.71.12)
    - React-Fabric/components/activityindicator (= 0.71.12)
    - React-Fabric/components/image (= 0.71.12)
    - React-Fabric/components/inputaccessory (= 0.71.12)
    - React-Fabric/components/legacyviewmanagerinterop (= 0.71.12)
    - React-Fabric/components/modal (= 0.71.12)
    - React-Fabric/components/root (= 0.71.12)
    - React-Fabric/components/safeareaview (= 0.71.12)
    - React-Fabric/components/scrollview (= 0.71.12)
    - React-Fabric/components/slider (= 0.71.12)
    - React-Fabric/components/text (= 0.71.12)
    - React-Fabric/components/textinput (= 0.71.12)
    - React-Fabric/components/unimplementedview (= 0.71.12)
    - React-Fabric/components/view (= 0.71.12)
    - React-graphics (= 0.71.12)
    - React-jsi (= 0.71.12)
    - React-jsiexecutor (= 0.71.12)
    - ReactCommon/turbomodule/core (= 0.71.12)
  - React-Fabric/components/activityindicator (0.71.12):
    - RCT-Folly/Fabric (= 2021.07.22.00)
    - RCTRequired (= 0.71.12)
    - RCTTypeSafety (= 0.71.12)
    - React-graphics (= 0.71.12)
    - React-jsi (= 0.71.12)
    - React-jsiexecutor (= 0.71.12)
    - ReactCommon/turbomodule/core (= 0.71.12)
  - React-Fabric/components/image (0.71.12):
    - RCT-Folly/Fabric (= 2021.07.22.00)
    - RCTRequired (= 0.71.12)
    - RCTTypeSafety (= 0.71.12)
    - React-graphics (= 0.71.12)
    - React-jsi (= 0.71.12)
    - React-jsiexecutor (= 0.71.12)
    - ReactCommon/turbomodule/core (= 0.71.12)
  - React-Fabric/components/inputaccessory (0.71.12):
    - RCT-Folly/Fabric (= 2021.07.22.00)
    - RCTRequired (= 0.71.12)
    - RCTTypeSafety (= 0.71.12)
    - React-graphics (= 0.71.12)
    - React-jsi (= 0.71.12)
    - React-jsiexecutor (= 0.71.12)
    - ReactCommon/turbomodule/core (= 0.71.12)
  - React-Fabric/components/legacyviewmanagerinterop (0.71.12):
    - RCT-Folly/Fabric (= 2021.07.22.00)
    - RCTRequired (= 0.71.12)
    - RCTTypeSafety (= 0.71.12)
    - React-graphics (= 0.71.12)
    - React-jsi (= 0.71.12)
    - React-jsiexecutor (= 0.71.12)
    - ReactCommon/turbomodule/core (= 0.71.12)
  - React-Fabric/components/modal (0.71.12):
    - RCT-Folly/Fabric (= 2021.07.22.00)
    - RCTRequired (= 0.71.12)
    - RCTTypeSafety (= 0.71.12)
    - React-graphics (= 0.71.12)
    - React-jsi (= 0.71.12)
    - React-jsiexecutor (= 0.71.12)
    - ReactCommon/turbomodule/core (= 0.71.12)
  - React-Fabric/components/root (0.71.12):
    - RCT-Folly/Fabric (= 2021.07.22.00)
    - RCTRequired (= 0.71.12)
    - RCTTypeSafety (= 0.71.12)
    - React-graphics (= 0.71.12)
    - React-jsi (= 0.71.12)
    - React-jsiexecutor (= 0.71.12)
    - ReactCommon/turbomodule/core (= 0.71.12)
  - React-Fabric/components/safeareaview (0.71.12):
    - RCT-Folly/Fabric (= 2021.07.22.00)
    - RCTRequired (= 0.71.12)
    - RCTTypeSafety (= 0.71.12)
    - React-graphics (= 0.71.12)
    - React-jsi (= 0.71.12)
    - React-jsiexecutor (= 0.71.12)
    - ReactCommon/turbomodule/core (= 0.71.12)
  - React-Fabric/components/scrollview (0.71.12):
    - RCT-Folly/Fabric (= 2021.07.22.00)
    - RCTRequired (= 0.71.12)
    - RCTTypeSafety (= 0.71.12)
    - React-graphics (= 0.71.12)
    - React-jsi (= 0.71.12)
    - React-jsiexecutor (= 0.71.12)
    - ReactCommon/turbomodule/core (= 0.71.12)
  - React-Fabric/components/slider (0.71.12):
    - RCT-Folly/Fabric (= 2021.07.22.00)
    - RCTRequired (= 0.71.12)
    - RCTTypeSafety (= 0.71.12)
    - React-graphics (= 0.71.12)
    - React-jsi (= 0.71.12)
    - React-jsiexecutor (= 0.71.12)
    - ReactCommon/turbomodule/core (= 0.71.12)
  - React-Fabric/components/text (0.71.12):
    - RCT-Folly/Fabric (= 2021.07.22.00)
    - RCTRequired (= 0.71.12)
    - RCTTypeSafety (= 0.71.12)
    - React-graphics (= 0.71.12)
    - React-jsi (= 0.71.12)
    - React-jsiexecutor (= 0.71.12)
    - ReactCommon/turbomodule/core (= 0.71.12)
  - React-Fabric/components/textinput (0.71.12):
    - RCT-Folly/Fabric (= 2021.07.22.00)
    - RCTRequired (= 0.71.12)
    - RCTTypeSafety (= 0.71.12)
    - React-graphics (= 0.71.12)
    - React-jsi (= 0.71.12)
    - React-jsiexecutor (= 0.71.12)
    - ReactCommon/turbomodule/core (= 0.71.12)
  - React-Fabric/components/unimplementedview (0.71.12):
    - RCT-Folly/Fabric (= 2021.07.22.00)
    - RCTRequired (= 0.71.12)
    - RCTTypeSafety (= 0.71.12)
    - React-graphics (= 0.71.12)
    - React-jsi (= 0.71.12)
    - React-jsiexecutor (= 0.71.12)
    - ReactCommon/turbomodule/core (= 0.71.12)
  - React-Fabric/components/view (0.71.12):
    - RCT-Folly/Fabric (= 2021.07.22.00)
    - RCTRequired (= 0.71.12)
    - RCTTypeSafety (= 0.71.12)
    - React-graphics (= 0.71.12)
    - React-jsi (= 0.71.12)
    - React-jsiexecutor (= 0.71.12)
    - ReactCommon/turbomodule/core (= 0.71.12)
    - Yoga
  - React-Fabric/config (0.71.12):
    - RCT-Folly/Fabric (= 2021.07.22.00)
    - RCTRequired (= 0.71.12)
    - RCTTypeSafety (= 0.71.12)
    - React-graphics (= 0.71.12)
    - React-jsi (= 0.71.12)
    - React-jsiexecutor (= 0.71.12)
    - ReactCommon/turbomodule/core (= 0.71.12)
  - React-Fabric/core (0.71.12):
    - RCT-Folly/Fabric (= 2021.07.22.00)
    - RCTRequired (= 0.71.12)
    - RCTTypeSafety (= 0.71.12)
    - React-graphics (= 0.71.12)
    - React-jsi (= 0.71.12)
    - React-jsiexecutor (= 0.71.12)
    - ReactCommon/turbomodule/core (= 0.71.12)
  - React-Fabric/debug_core (0.71.12):
    - RCT-Folly/Fabric (= 2021.07.22.00)
    - RCTRequired (= 0.71.12)
    - RCTTypeSafety (= 0.71.12)
    - React-graphics (= 0.71.12)
    - React-jsi (= 0.71.12)
    - React-jsiexecutor (= 0.71.12)
    - ReactCommon/turbomodule/core (= 0.71.12)
  - React-Fabric/debug_renderer (0.71.12):
    - RCT-Folly/Fabric (= 2021.07.22.00)
    - RCTRequired (= 0.71.12)
    - RCTTypeSafety (= 0.71.12)
    - React-graphics (= 0.71.12)
    - React-jsi (= 0.71.12)
    - React-jsiexecutor (= 0.71.12)
    - ReactCommon/turbomodule/core (= 0.71.12)
  - React-Fabric/imagemanager (0.71.12):
    - RCT-Folly/Fabric (= 2021.07.22.00)
    - RCTRequired (= 0.71.12)
    - RCTTypeSafety (= 0.71.12)
    - React-graphics (= 0.71.12)
    - React-jsi (= 0.71.12)
    - React-jsiexecutor (= 0.71.12)
    - React-RCTImage (= 0.71.12)
    - ReactCommon/turbomodule/core (= 0.71.12)
  - React-Fabric/leakchecker (0.71.12):
    - RCT-Folly/Fabric (= 2021.07.22.00)
    - RCTRequired (= 0.71.12)
    - RCTTypeSafety (= 0.71.12)
    - React-graphics (= 0.71.12)
    - React-jsi (= 0.71.12)
    - React-jsiexecutor (= 0.71.12)
    - ReactCommon/turbomodule/core (= 0.71.12)
  - React-Fabric/mapbuffer (0.71.12):
    - RCT-Folly/Fabric (= 2021.07.22.00)
    - RCTRequired (= 0.71.12)
    - RCTTypeSafety (= 0.71.12)
    - React-graphics (= 0.71.12)
    - React-jsi (= 0.71.12)
    - React-jsiexecutor (= 0.71.12)
    - ReactCommon/turbomodule/core (= 0.71.12)
  - React-Fabric/mounting (0.71.12):
    - RCT-Folly/Fabric (= 2021.07.22.00)
    - RCTRequired (= 0.71.12)
    - RCTTypeSafety (= 0.71.12)
    - React-graphics (= 0.71.12)
    - React-jsi (= 0.71.12)
    - React-jsiexecutor (= 0.71.12)
    - ReactCommon/turbomodule/core (= 0.71.12)
  - React-Fabric/runtimescheduler (0.71.12):
    - RCT-Folly/Fabric (= 2021.07.22.00)
    - RCTRequired (= 0.71.12)
    - RCTTypeSafety (= 0.71.12)
    - React-graphics (= 0.71.12)
    - React-jsi (= 0.71.12)
    - React-jsiexecutor (= 0.71.12)
    - ReactCommon/turbomodule/core (= 0.71.12)
  - React-Fabric/scheduler (0.71.12):
    - RCT-Folly/Fabric (= 2021.07.22.00)
    - RCTRequired (= 0.71.12)
    - RCTTypeSafety (= 0.71.12)
    - React-graphics (= 0.71.12)
    - React-jsi (= 0.71.12)
    - React-jsiexecutor (= 0.71.12)
    - ReactCommon/turbomodule/core (= 0.71.12)
  - React-Fabric/telemetry (0.71.12):
    - RCT-Folly/Fabric (= 2021.07.22.00)
    - RCTRequired (= 0.71.12)
    - RCTTypeSafety (= 0.71.12)
    - React-graphics (= 0.71.12)
    - React-jsi (= 0.71.12)
    - React-jsiexecutor (= 0.71.12)
    - ReactCommon/turbomodule/core (= 0.71.12)
  - React-Fabric/templateprocessor (0.71.12):
    - RCT-Folly/Fabric (= 2021.07.22.00)
    - RCTRequired (= 0.71.12)
    - RCTTypeSafety (= 0.71.12)
    - React-graphics (= 0.71.12)
    - React-jsi (= 0.71.12)
    - React-jsiexecutor (= 0.71.12)
    - ReactCommon/turbomodule/core (= 0.71.12)
  - React-Fabric/textlayoutmanager (0.71.12):
    - RCT-Folly/Fabric (= 2021.07.22.00)
    - RCTRequired (= 0.71.12)
    - RCTTypeSafety (= 0.71.12)
    - React-Fabric/uimanager
    - React-graphics (= 0.71.12)
    - React-jsi (= 0.71.12)
    - React-jsiexecutor (= 0.71.12)
    - ReactCommon/turbomodule/core (= 0.71.12)
  - React-Fabric/uimanager (0.71.12):
    - RCT-Folly/Fabric (= 2021.07.22.00)
    - RCTRequired (= 0.71.12)
    - RCTTypeSafety (= 0.71.12)
    - React-graphics (= 0.71.12)
    - React-jsi (= 0.71.12)
    - React-jsiexecutor (= 0.71.12)
    - ReactCommon/turbomodule/core (= 0.71.12)
  - React-Fabric/utils (0.71.12):
    - RCT-Folly/Fabric (= 2021.07.22.00)
    - RCTRequired (= 0.71.12)
    - RCTTypeSafety (= 0.71.12)
    - React-graphics (= 0.71.12)
    - React-jsi (= 0.71.12)
    - React-jsiexecutor (= 0.71.12)
    - ReactCommon/turbomodule/core (= 0.71.12)
  - React-graphics (0.71.12):
    - RCT-Folly/Fabric (= 2021.07.22.00)
    - React-Core/Default (= 0.71.12)
  - React-hermes (0.71.12):
    - DoubleConversion
    - glog
    - hermes-engine
    - RCT-Folly (= 2021.07.22.00)
    - RCT-Folly/Futures (= 2021.07.22.00)
    - React-cxxreact (= 0.71.12)
    - React-jsi
    - React-jsiexecutor (= 0.71.12)
    - React-jsinspector (= 0.71.12)
    - React-perflogger (= 0.71.12)
  - React-jsi (0.71.12):
    - boost (= 1.76.0)
    - DoubleConversion
    - glog
    - hermes-engine
    - RCT-Folly (= 2021.07.22.00)
  - React-jsiexecutor (0.71.12):
    - DoubleConversion
    - glog
    - hermes-engine
    - RCT-Folly (= 2021.07.22.00)
    - React-cxxreact (= 0.71.12)
    - React-jsi (= 0.71.12)
    - React-perflogger (= 0.71.12)
  - React-jsinspector (0.71.12)
  - React-logger (0.71.12):
    - glog
  - react-native-blur (4.3.2):
    - React-Core
  - react-native-keep-awake (1.2.2):
    - React-Core
  - react-native-mail (6.1.1):
    - React-Core
  - react-native-mmkv (2.10.1):
    - MMKV (>= 1.2.13)
    - React-Core
  - react-native-overlay (0.2.1):
    - React-Core
    - SPAlert
    - SPConfetti
    - SPIndicator
  - react-native-safe-area-context (4.7.1):
    - React-Core
  - react-native-sfsymbols (1.2.1):
    - React
  - react-native-shake (5.5.0):
    - RCT-Folly (= 2021.07.22.00)
    - React-Core
  - react-native-slider (4.4.3):
    - React-Core
  - react-native-version-check (3.4.7):
    - React-Core
  - React-perflogger (0.71.12)
  - React-RCTActionSheet (0.71.12):
    - React-Core/RCTActionSheetHeaders (= 0.71.12)
  - React-RCTAnimation (0.71.12):
    - RCT-Folly (= 2021.07.22.00)
    - RCTTypeSafety (= 0.71.12)
    - React-Codegen (= 0.71.12)
    - React-Core/RCTAnimationHeaders (= 0.71.12)
    - React-jsi (= 0.71.12)
    - ReactCommon/turbomodule/core (= 0.71.12)
  - React-RCTAppDelegate (0.71.12):
    - RCT-Folly
    - RCTRequired
    - RCTTypeSafety
    - React-Core
    - ReactCommon/turbomodule/core
  - React-RCTBlob (0.71.12):
    - hermes-engine
    - RCT-Folly (= 2021.07.22.00)
    - React-Codegen (= 0.71.12)
    - React-Core/RCTBlobHeaders (= 0.71.12)
    - React-Core/RCTWebSocket (= 0.71.12)
    - React-jsi (= 0.71.12)
    - React-RCTNetwork (= 0.71.12)
    - ReactCommon/turbomodule/core (= 0.71.12)
  - React-RCTFabric (0.71.12):
    - RCT-Folly/Fabric (= 2021.07.22.00)
    - React-Core (= 0.71.12)
    - React-Fabric (= 0.71.12)
    - React-RCTImage (= 0.71.12)
  - React-RCTImage (0.71.12):
    - RCT-Folly (= 2021.07.22.00)
    - RCTTypeSafety (= 0.71.12)
    - React-Codegen (= 0.71.12)
    - React-Core/RCTImageHeaders (= 0.71.12)
    - React-jsi (= 0.71.12)
    - React-RCTNetwork (= 0.71.12)
    - ReactCommon/turbomodule/core (= 0.71.12)
  - React-RCTLinking (0.71.12):
    - React-Codegen (= 0.71.12)
    - React-Core/RCTLinkingHeaders (= 0.71.12)
    - React-jsi (= 0.71.12)
    - ReactCommon/turbomodule/core (= 0.71.12)
  - React-RCTNetwork (0.71.12):
    - RCT-Folly (= 2021.07.22.00)
    - RCTTypeSafety (= 0.71.12)
    - React-Codegen (= 0.71.12)
    - React-Core/RCTNetworkHeaders (= 0.71.12)
    - React-jsi (= 0.71.12)
    - ReactCommon/turbomodule/core (= 0.71.12)
  - React-RCTSettings (0.71.12):
    - RCT-Folly (= 2021.07.22.00)
    - RCTTypeSafety (= 0.71.12)
    - React-Codegen (= 0.71.12)
    - React-Core/RCTSettingsHeaders (= 0.71.12)
    - React-jsi (= 0.71.12)
    - ReactCommon/turbomodule/core (= 0.71.12)
  - React-RCTText (0.71.12):
    - React-Core/RCTTextHeaders (= 0.71.12)
  - React-RCTVibration (0.71.12):
    - RCT-Folly (= 2021.07.22.00)
    - React-Codegen (= 0.71.12)
    - React-Core/RCTVibrationHeaders (= 0.71.12)
    - React-jsi (= 0.71.12)
    - ReactCommon/turbomodule/core (= 0.71.12)
  - React-rncore (0.71.12)
  - React-runtimeexecutor (0.71.12):
    - React-jsi (= 0.71.12)
  - ReactCommon/turbomodule/bridging (0.71.12):
    - DoubleConversion
    - glog
    - hermes-engine
    - RCT-Folly (= 2021.07.22.00)
    - React-callinvoker (= 0.71.12)
    - React-Core (= 0.71.12)
    - React-cxxreact (= 0.71.12)
    - React-jsi (= 0.71.12)
    - React-logger (= 0.71.12)
    - React-perflogger (= 0.71.12)
  - ReactCommon/turbomodule/core (0.71.12):
    - DoubleConversion
    - glog
    - hermes-engine
    - RCT-Folly (= 2021.07.22.00)
    - React-callinvoker (= 0.71.12)
    - React-Core (= 0.71.12)
    - React-cxxreact (= 0.71.12)
    - React-jsi (= 0.71.12)
    - React-logger (= 0.71.12)
    - React-perflogger (= 0.71.12)
  - RNDeviceInfo (10.8.0):
    - React-Core
  - RNGestureHandler (2.12.1):
    - React-Core
  - RNIap (12.10.7):
    - React-Core
  - RNInAppBrowser (3.7.0):
    - React-Core
  - RNLocalize (2.2.6):
    - React-Core
  - RNPermissions (3.8.4):
    - React-Core
  - RNReactNativeHapticFeedback (2.0.3):
    - React-Core
  - RNReanimated (3.4.2):
    - DoubleConversion
    - FBLazyVector
    - FBReactNativeSpec
    - glog
    - hermes-engine
    - RCT-Folly
    - RCTRequired
    - RCTTypeSafety
    - React-callinvoker
    - React-Core
    - React-Core/DevSupport
    - React-Core/RCTWebSocket
    - React-CoreModules
    - React-cxxreact
    - React-hermes
    - React-jsi
    - React-jsiexecutor
    - React-jsinspector
    - React-RCTActionSheet
    - React-RCTAnimation
    - React-RCTBlob
    - React-RCTImage
    - React-RCTLinking
    - React-RCTNetwork
    - React-RCTSettings
    - React-RCTText
    - ReactCommon/turbomodule/core
    - Yoga
  - RNScreens (3.24.0):
    - React-Core
    - React-RCTImage
  - RNStoreReview (0.3.0):
    - React-Core
  - SPAlert (4.2.0)
  - SPConfetti (1.4.0)
  - SPIndicator (1.6.4)
  - Yoga (1.14.0)

DEPENDENCIES:
  - boost (from `../node_modules/react-native/third-party-podspecs/boost.podspec`)
  - DoubleConversion (from `../node_modules/react-native/third-party-podspecs/DoubleConversion.podspec`)
  - FBLazyVector (from `../node_modules/react-native/Libraries/FBLazyVector`)
  - FBReactNativeSpec (from `../node_modules/react-native/React/FBReactNativeSpec`)
  - glog (from `../node_modules/react-native/third-party-podspecs/glog.podspec`)
  - hermes-engine (from `../node_modules/react-native/sdks/hermes-engine/hermes-engine.podspec`)
  - libevent (~> 2.1.12)
  - lottie-react-native (from `../node_modules/lottie-react-native`)
  - MixpanelReactNative (from `../node_modules/mixpanel-react-native`)
  - RCT-Folly (from `../node_modules/react-native/third-party-podspecs/RCT-Folly.podspec`)
  - RCT-Folly/Fabric (from `../node_modules/react-native/third-party-podspecs/RCT-Folly.podspec`)
  - RCTRequired (from `../node_modules/react-native/Libraries/RCTRequired`)
  - RCTTypeSafety (from `../node_modules/react-native/Libraries/TypeSafety`)
  - React (from `../node_modules/react-native/`)
  - React-callinvoker (from `../node_modules/react-native/ReactCommon/callinvoker`)
  - React-Codegen (from `build/generated/ios`)
  - React-Core (from `../node_modules/react-native/`)
  - React-Core/RCTWebSocket (from `../node_modules/react-native/`)
  - React-CoreModules (from `../node_modules/react-native/React/CoreModules`)
  - React-cxxreact (from `../node_modules/react-native/ReactCommon/cxxreact`)
  - React-Fabric (from `../node_modules/react-native/ReactCommon`)
  - React-graphics (from `../node_modules/react-native/ReactCommon/react/renderer/graphics`)
  - React-hermes (from `../node_modules/react-native/ReactCommon/hermes`)
  - React-jsi (from `../node_modules/react-native/ReactCommon/jsi`)
  - React-jsiexecutor (from `../node_modules/react-native/ReactCommon/jsiexecutor`)
  - React-jsinspector (from `../node_modules/react-native/ReactCommon/jsinspector`)
  - React-logger (from `../node_modules/react-native/ReactCommon/logger`)
  - "react-native-blur (from `../node_modules/@react-native-community/blur`)"
  - "react-native-keep-awake (from `../node_modules/@sayem314/react-native-keep-awake`)"
  - react-native-mail (from `../node_modules/react-native-mail`)
  - react-native-mmkv (from `../node_modules/react-native-mmkv`)
  - "react-native-overlay (from `../node_modules/@react-native-library/overlay`)"
  - react-native-safe-area-context (from `../node_modules/react-native-safe-area-context`)
  - react-native-sfsymbols (from `../node_modules/react-native-sfsymbols`)
  - react-native-shake (from `../node_modules/react-native-shake`)
  - "react-native-slider (from `../node_modules/@react-native-community/slider`)"
  - react-native-version-check (from `../node_modules/react-native-version-check`)
  - React-perflogger (from `../node_modules/react-native/ReactCommon/reactperflogger`)
  - React-RCTActionSheet (from `../node_modules/react-native/Libraries/ActionSheetIOS`)
  - React-RCTAnimation (from `../node_modules/react-native/Libraries/NativeAnimation`)
  - React-RCTAppDelegate (from `../node_modules/react-native/Libraries/AppDelegate`)
  - React-RCTBlob (from `../node_modules/react-native/Libraries/Blob`)
  - React-RCTFabric (from `../node_modules/react-native/React`)
  - React-RCTImage (from `../node_modules/react-native/Libraries/Image`)
  - React-RCTLinking (from `../node_modules/react-native/Libraries/LinkingIOS`)
  - React-RCTNetwork (from `../node_modules/react-native/Libraries/Network`)
  - React-RCTSettings (from `../node_modules/react-native/Libraries/Settings`)
  - React-RCTText (from `../node_modules/react-native/Libraries/Text`)
  - React-RCTVibration (from `../node_modules/react-native/Libraries/Vibration`)
  - React-rncore (from `../node_modules/react-native/ReactCommon`)
  - React-runtimeexecutor (from `../node_modules/react-native/ReactCommon/runtimeexecutor`)
  - ReactCommon/turbomodule/core (from `../node_modules/react-native/ReactCommon`)
  - RNDeviceInfo (from `../node_modules/react-native-device-info`)
  - RNGestureHandler (from `../node_modules/react-native-gesture-handler`)
  - RNIap (from `../node_modules/react-native-iap`)
  - RNInAppBrowser (from `../node_modules/react-native-inappbrowser-reborn`)
  - RNLocalize (from `../node_modules/react-native-localize`)
  - RNPermissions (from `../node_modules/react-native-permissions`)
  - RNReactNativeHapticFeedback (from `../node_modules/react-native-haptic-feedback`)
  - RNReanimated (from `../node_modules/react-native-reanimated`)
  - RNScreens (from `../node_modules/react-native-screens`)
  - RNStoreReview (from `../node_modules/react-native-store-review`)
  - SPIndicator (from `https://github.com/luoxuhai/SPIndicator.git`)
  - Yoga (from `../node_modules/react-native/ReactCommon/yoga`)

SPEC REPOS:
  trunk:
    - fmt
    - libevent
    - lottie-ios
    - Mixpanel-swift
    - MMKV
    - MMKVCore
    - SPAlert
    - SPConfetti

EXTERNAL SOURCES:
  boost:
    :podspec: "../node_modules/react-native/third-party-podspecs/boost.podspec"
  DoubleConversion:
    :podspec: "../node_modules/react-native/third-party-podspecs/DoubleConversion.podspec"
  FBLazyVector:
    :path: "../node_modules/react-native/Libraries/FBLazyVector"
  FBReactNativeSpec:
    :path: "../node_modules/react-native/React/FBReactNativeSpec"
  glog:
    :podspec: "../node_modules/react-native/third-party-podspecs/glog.podspec"
  hermes-engine:
    :podspec: "../node_modules/react-native/sdks/hermes-engine/hermes-engine.podspec"
  lottie-react-native:
    :path: "../node_modules/lottie-react-native"
  MixpanelReactNative:
    :path: "../node_modules/mixpanel-react-native"
  RCT-Folly:
    :podspec: "../node_modules/react-native/third-party-podspecs/RCT-Folly.podspec"
  RCTRequired:
    :path: "../node_modules/react-native/Libraries/RCTRequired"
  RCTTypeSafety:
    :path: "../node_modules/react-native/Libraries/TypeSafety"
  React:
    :path: "../node_modules/react-native/"
  React-callinvoker:
    :path: "../node_modules/react-native/ReactCommon/callinvoker"
  React-Codegen:
    :path: build/generated/ios
  React-Core:
    :path: "../node_modules/react-native/"
  React-CoreModules:
    :path: "../node_modules/react-native/React/CoreModules"
  React-cxxreact:
    :path: "../node_modules/react-native/ReactCommon/cxxreact"
  React-Fabric:
    :path: "../node_modules/react-native/ReactCommon"
  React-graphics:
    :path: "../node_modules/react-native/ReactCommon/react/renderer/graphics"
  React-hermes:
    :path: "../node_modules/react-native/ReactCommon/hermes"
  React-jsi:
    :path: "../node_modules/react-native/ReactCommon/jsi"
  React-jsiexecutor:
    :path: "../node_modules/react-native/ReactCommon/jsiexecutor"
  React-jsinspector:
    :path: "../node_modules/react-native/ReactCommon/jsinspector"
  React-logger:
    :path: "../node_modules/react-native/ReactCommon/logger"
  react-native-blur:
    :path: "../node_modules/@react-native-community/blur"
  react-native-keep-awake:
    :path: "../node_modules/@sayem314/react-native-keep-awake"
  react-native-mail:
    :path: "../node_modules/react-native-mail"
  react-native-mmkv:
    :path: "../node_modules/react-native-mmkv"
  react-native-overlay:
    :path: "../node_modules/@react-native-library/overlay"
  react-native-safe-area-context:
    :path: "../node_modules/react-native-safe-area-context"
  react-native-sfsymbols:
    :path: "../node_modules/react-native-sfsymbols"
  react-native-shake:
    :path: "../node_modules/react-native-shake"
  react-native-slider:
    :path: "../node_modules/@react-native-community/slider"
  react-native-version-check:
    :path: "../node_modules/react-native-version-check"
  React-perflogger:
    :path: "../node_modules/react-native/ReactCommon/reactperflogger"
  React-RCTActionSheet:
    :path: "../node_modules/react-native/Libraries/ActionSheetIOS"
  React-RCTAnimation:
    :path: "../node_modules/react-native/Libraries/NativeAnimation"
  React-RCTAppDelegate:
    :path: "../node_modules/react-native/Libraries/AppDelegate"
  React-RCTBlob:
    :path: "../node_modules/react-native/Libraries/Blob"
  React-RCTFabric:
    :path: "../node_modules/react-native/React"
  React-RCTImage:
    :path: "../node_modules/react-native/Libraries/Image"
  React-RCTLinking:
    :path: "../node_modules/react-native/Libraries/LinkingIOS"
  React-RCTNetwork:
    :path: "../node_modules/react-native/Libraries/Network"
  React-RCTSettings:
    :path: "../node_modules/react-native/Libraries/Settings"
  React-RCTText:
    :path: "../node_modules/react-native/Libraries/Text"
  React-RCTVibration:
    :path: "../node_modules/react-native/Libraries/Vibration"
  React-rncore:
    :path: "../node_modules/react-native/ReactCommon"
  React-runtimeexecutor:
    :path: "../node_modules/react-native/ReactCommon/runtimeexecutor"
  ReactCommon:
    :path: "../node_modules/react-native/ReactCommon"
  RNDeviceInfo:
    :path: "../node_modules/react-native-device-info"
  RNGestureHandler:
    :path: "../node_modules/react-native-gesture-handler"
  RNIap:
    :path: "../node_modules/react-native-iap"
  RNInAppBrowser:
    :path: "../node_modules/react-native-inappbrowser-reborn"
  RNLocalize:
    :path: "../node_modules/react-native-localize"
  RNPermissions:
    :path: "../node_modules/react-native-permissions"
  RNReactNativeHapticFeedback:
    :path: "../node_modules/react-native-haptic-feedback"
  RNReanimated:
    :path: "../node_modules/react-native-reanimated"
  RNScreens:
    :path: "../node_modules/react-native-screens"
  RNStoreReview:
    :path: "../node_modules/react-native-store-review"
  SPIndicator:
    :git: https://github.com/luoxuhai/SPIndicator.git
  Yoga:
    :path: "../node_modules/react-native/ReactCommon/yoga"

CHECKOUT OPTIONS:
  SPIndicator:
    :commit: e618f43b11995bba6484852dab4c21350146a7f9
    :git: https://github.com/luoxuhai/SPIndicator.git

SPEC CHECKSUMS:
  boost: 57d2868c099736d80fcd648bf211b4431e51a558
  DoubleConversion: 5189b271737e1565bdce30deb4a08d647e3f5f54
  FBLazyVector: 4eb7ee83e8d0ad7e20a829485295ff48823c4e4c
  FBReactNativeSpec: b24809f97ae83c786928d56b732957195b4fa390
  fmt: ff9d55029c625d3757ed641535fd4a75fedc7ce9
  glog: 04b94705f318337d7ead9e6d17c019bd9b1f6b1b
  hermes-engine: b60ebc812e0179a612d8146ac54730d533c804a2
  libevent: 4049cae6c81cdb3654a443be001fb9bdceff7913
  lottie-ios: 8f97d3271e155c2d688875c29cd3c74908aef5f8
  lottie-react-native: 8f9d4be452e23f6e5ca0fdc11669dc99ab52be81
  Mixpanel-swift: d7c7c6a2f7c65f735af3cb4746ed61a5aab0e551
  MixpanelReactNative: 07c808338a1eb69b0c9077668e3acfb0b2dd6689
  MMKV: 7f34558bbb5a33b0eaefae2de4b6a20a2ffdad6f
  MMKVCore: ddf41b9d9262f058419f9ba7598719af56c02cd3
  RCT-Folly: 424b8c9a7a0b9ab2886ffe9c3b041ef628fd4fb1
  RCTRequired: 4db5e3e18b906377a502da5b358ff159ba4783ed
  RCTTypeSafety: 6c1a8aed043050de0d537336c95cd1be7b66c272
  React: 214e77358d860a3ed707fede9088e7c00663a087
  React-callinvoker: 8fc1c79c26fbcadce2a5d4a3cb4b2ced2dec3436
  React-Codegen: acb4763004145cdeb16951d2ded3c630a474738e
  React-Core: ea541085ca5be10b2be289c7d82eba368b5c4900
  React-CoreModules: d9680e1d551eef1dd764df736a473cf25f701070
  React-cxxreact: 0792e80e291d086b2cf588410f6bc6e752bc1d83
  React-Fabric: 223723f622a7cb4f77741a3a01fa91f66963aa18
  React-graphics: fa303eb6c3b52de9a8a9e38c7aab022b1ce6d3d4
  React-hermes: 0b1bba58112cb7421f1166d527a1a05489f48dbc
  React-jsi: 1e41088515c4273ef5b118575337df4671851430
  React-jsiexecutor: 509cd947c28834614808ce056ee8eb700a0662aa
  React-jsinspector: ec4dcbfb1f4e72f04f826a0301eceee5fa7ca540
  React-logger: 35538accacf2583693fbc3ee8b53e69a1776fcee
  react-native-blur: cfdad7b3c01d725ab62a8a729f42ea463998afa2
  react-native-keep-awake: ad1d67f617756b139536977a0bf06b27cec0714a
  react-native-mail: 8fdcd3aef007c33a6877a18eb4cf7447a1d4ce4a
  react-native-mmkv: dea675cf9697ad35940f1687e98e133e1358ef9f
  react-native-overlay: a94b87b356378d5b0d4e35162f7b20f08c94456f
  react-native-safe-area-context: 9697629f7b2cda43cf52169bb7e0767d330648c2
  react-native-sfsymbols: bd3a0d3eab185e80b571bae60753dcf5a0d57967
  react-native-shake: 3d9c4049e56ff54cd80e49f69a0f4766de89e812
  react-native-slider: 1cdd6ba29675df21f30544253bf7351d3c2d68c4
  react-native-version-check: 6cd36aad4e30b8e3216747e3b4ddeb09e0647af8
  React-perflogger: 75b0e25075c67565a830985f3c373e2eae5389e0
  React-RCTActionSheet: a0c3e916b327e297d124d9ebe8b0c721840ee04d
  React-RCTAnimation: 3da7025801d7bf0f8cfd94574d6278d5b82a8b88
  React-RCTAppDelegate: f74a567e0bc905aaff66d47ab30e6548f727549c
  React-RCTBlob: 53252ebabe7777fd1c440a34546c64e16b162908
  React-RCTFabric: 7667a890d204af8a42683133250251e698c67e5c
  React-RCTImage: e230761bd34d71362dd8b3d51b5cd72674935aa0
  React-RCTLinking: 3294b1b540005628168e5a341963b0eddc3932e8
  React-RCTNetwork: 00c6b2215e54a9fb015c53a5e02b0a852dbb8568
  React-RCTSettings: 2e7e4964f45e9b24c6c32ad30b6ab2ef4a7e2ffc
  React-RCTText: a9c712b13cab90e1432e0ad113edc8bdbc691248
  React-RCTVibration: a283fefb8cc29d9740a7ff2e87f72ad10f25a433
  React-rncore: dab4147a0960ab478d57719b4288373c1fddbfb8
  React-runtimeexecutor: 7902246857a4ead4166869e6c42d4df329ff721d
  ReactCommon: a6d1c76b9e10b439e41db225263341240e1cda9f
  RNDeviceInfo: 5795b418ed3451ebcaf39384e6cf51f60cb931c9
  RNGestureHandler: c0d04458598fcb26052494ae23dda8f8f5162b13
  RNIap: 1f683cf864a8662851d5d7079beefd441d95f85b
  RNInAppBrowser: e36d6935517101ccba0e875bac8ad7b0cb655364
  RNLocalize: d4b8af4e442d4bcca54e68fc687a2129b4d71a81
  RNPermissions: b86eb64790af226d5bcd05c3af060da712b56659
  RNReactNativeHapticFeedback: afa5bf2794aecbb2dba2525329253da0d66656df
  RNReanimated: 49cdb63e767bb7e743ff4c12f7d85722c0d008f2
  RNScreens: b21dc57dfa2b710c30ec600786a3fc223b1b92e7
  RNStoreReview: 18cf6adbd193eadb049d2f6c37ef2ab3d5a28706
  SPAlert: 735da1f16a887e294719217572ce1f936d8c8782
  SPConfetti: 4ba720ff652d960f59c3e4eadee2c0c3ef6ce9a4
  SPIndicator: e27f39eb4fcca37ee6627e8b9f0c5fdf82055260
  Yoga: 39310a10944fc864a7550700de349183450f8aaa

PODFILE CHECKSUM: 4b164197f23a58c56ba9b993c58b81460e89869c

COCOAPODS: 1.12.0
